
Microsoft Visual Studio Solution File, Format Version 12.00
# Visual Studio 15
VisualStudioVersion = 15.0.28307.2092
MinimumVisualStudioVersion = 10.0.40219.1
Project("{FAE04EC0-301F-11D3-BF4B-00C04F79EFBC}") = "ProductWebApp", "ProductWebApp\ProductWebApp.csproj", "{303156E1-6F65-4919-BF79-00487F2F079F}"
EndProject
Global
	GlobalSection(SolutionConfigurationPlatforms) = preSolution
		Debug|Any CPU = Debug|Any CPU
		Release|Any CPU = Release|Any CPU
	EndGlobalSection
	GlobalSection(ProjectConfigurationPlatforms) = postSolution
		{303156E1-6F65-4919-BF79-00487F2F079F}.Debug|Any CPU.ActiveCfg = Debug|Any CPU
		{303156E1-6F65-4919-BF79-00487F2F079F}.Debug|Any CPU.Build.0 = Debug|Any CPU
		{303156E1-6F65-4919-BF79-00487F2F079F}.Release|Any CPU.ActiveCfg = Release|Any CPU
		{303156E1-6F65-4919-BF79-00487F2F079F}.Release|Any CPU.Build.0 = Release|Any CPU
	EndGlobalSection
	GlobalSection(SolutionProperties) = preSolution
		HideSolutionNode = FALSE
	EndGlobalSection
	GlobalSection(ExtensibilityGlobals) = postSolution
		SolutionGuid = {001B27FF-C9F2-405E-B30D-72ADB1EC3B81}
	EndGlobalSection
EndGlobal
