
Microsoft Visual Studio Solution File, Format Version 12.00
# Visual Studio 15
VisualStudioVersion = 15.0.28307.2092
MinimumVisualStudioVersion = 10.0.40219.1
Project("{FAE04EC0-301F-11D3-BF4B-00C04F79EFBC}") = "Sampleframeworkapp", "Sampleframeworkapp\Sampleframeworkapp.csproj", "{309C296D-56A1-42F1-9D32-1EE1AEEDC402}"
EndProject
Global
	GlobalSection(SolutionConfigurationPlatforms) = preSolution
		Debug|Any CPU = Debug|Any CPU
		Release|Any CPU = Release|Any CPU
	EndGlobalSection
	GlobalSection(ProjectConfigurationPlatforms) = postSolution
		{309C296D-56A1-42F1-9D32-1EE1AEEDC402}.Debug|Any CPU.ActiveCfg = Debug|Any CPU
		{309C296D-56A1-42F1-9D32-1EE1AEEDC402}.Debug|Any CPU.Build.0 = Debug|Any CPU
		{309C296D-56A1-42F1-9D32-1EE1AEEDC402}.Release|Any CPU.ActiveCfg = Release|Any CPU
		{309C296D-56A1-42F1-9D32-1EE1AEEDC402}.Release|Any CPU.Build.0 = Release|Any CPU
	EndGlobalSection
	GlobalSection(SolutionProperties) = preSolution
		HideSolutionNode = FALSE
	EndGlobalSection
	GlobalSection(ExtensibilityGlobals) = postSolution
		SolutionGuid = {C1AB06A9-8E6B-44FE-BD80-F6F5A204F406}
	EndGlobalSection
EndGlobal
